
Microsoft Visual Studio Solution File, Format Version 12.00
# Visual Studio 15
VisualStudioVersion = 15.0.27703.2047
MinimumVisualStudioVersion = 10.0.40219.1
Project("{FAE04EC0-301F-11D3-BF4B-00C04F79EFBC}") = "WpfAppVererben4", "WpfAppVererben4\WpfAppVererben4.csproj", "{787831F6-821B-4247-9339-5BAF6F54C1EB}"
EndProject
Global
	GlobalSection(SolutionConfigurationPlatforms) = preSolution
		Debug|Any CPU = Debug|Any CPU
		Release|Any CPU = Release|Any CPU
	EndGlobalSection
	GlobalSection(ProjectConfigurationPlatforms) = postSolution
		{787831F6-821B-4247-9339-5BAF6F54C1EB}.Debug|Any CPU.ActiveCfg = Debug|Any CPU
		{787831F6-821B-4247-9339-5BAF6F54C1EB}.Debug|Any CPU.Build.0 = Debug|Any CPU
		{787831F6-821B-4247-9339-5BAF6F54C1EB}.Release|Any CPU.ActiveCfg = Release|Any CPU
		{787831F6-821B-4247-9339-5BAF6F54C1EB}.Release|Any CPU.Build.0 = Release|Any CPU
	EndGlobalSection
	GlobalSection(SolutionProperties) = preSolution
		HideSolutionNode = FALSE
	EndGlobalSection
	GlobalSection(ExtensibilityGlobals) = postSolution
		SolutionGuid = {62522B4D-7CDC-4EA4-A31B-CC9D1DE5B545}
	EndGlobalSection
EndGlobal
